
Microsoft Visual Studio Solution File, Format Version 12.00
# Visual Studio Version 16
VisualStudioVersion = 16.0.30204.135
MinimumVisualStudioVersion = 10.0.40219.1
Project("{FAE04EC0-301F-11D3-BF4B-00C04F79EFBC}") = "TodoApp.Api", "TodoApp.Api\TodoApp.Api.csproj", "{A99F029B-2276-4E32-9F05-90DD67E0EEC5}"
EndProject
Global
	GlobalSection(SolutionConfigurationPlatforms) = preSolution
		Debug|Any CPU = Debug|Any CPU
		Release|Any CPU = Release|Any CPU
	EndGlobalSection
	GlobalSection(ProjectConfigurationPlatforms) = postSolution
		{A99F029B-2276-4E32-9F05-90DD67E0EEC5}.Debug|Any CPU.ActiveCfg = Debug|Any CPU
		{A99F029B-2276-4E32-9F05-90DD67E0EEC5}.Debug|Any CPU.Build.0 = Debug|Any CPU
		{A99F029B-2276-4E32-9F05-90DD67E0EEC5}.Release|Any CPU.ActiveCfg = Release|Any CPU
		{A99F029B-2276-4E32-9F05-90DD67E0EEC5}.Release|Any CPU.Build.0 = Release|Any CPU
	EndGlobalSection
	GlobalSection(SolutionProperties) = preSolution
		HideSolutionNode = FALSE
	EndGlobalSection
	GlobalSection(ExtensibilityGlobals) = postSolution
		SolutionGuid = {E7237E79-D37B-4FD2-A9CF-39B02EEE6815}
	EndGlobalSection
EndGlobal
